
Microsoft Visual Studio Solution File, Format Version 12.00
# Visual Studio 15
VisualStudioVersion = 15.0.26430.15
MinimumVisualStudioVersion = 10.0.40219.1
Project("{FAE04EC0-301F-11D3-BF4B-00C04F79EFBC}") = "Project2LINQ", "Project2LINQ\Project2LINQ.csproj", "{F53127F4-4F01-4BFB-A216-7439ABDAB87B}"
EndProject
Global
	GlobalSection(SolutionConfigurationPlatforms) = preSolution
		Debug|Any CPU = Debug|Any CPU
		Release|Any CPU = Release|Any CPU
	EndGlobalSection
	GlobalSection(ProjectConfigurationPlatforms) = postSolution
		{F53127F4-4F01-4BFB-A216-7439ABDAB87B}.Debug|Any CPU.ActiveCfg = Debug|Any CPU
		{F53127F4-4F01-4BFB-A216-7439ABDAB87B}.Debug|Any CPU.Build.0 = Debug|Any CPU
		{F53127F4-4F01-4BFB-A216-7439ABDAB87B}.Release|Any CPU.ActiveCfg = Release|Any CPU
		{F53127F4-4F01-4BFB-A216-7439ABDAB87B}.Release|Any CPU.Build.0 = Release|Any CPU
	EndGlobalSection
	GlobalSection(SolutionProperties) = preSolution
		HideSolutionNode = FALSE
	EndGlobalSection
EndGlobal
